// !$*UTF8*$!
{
	archiveVersion = 1;
	classes = {
	};
	objectVersion = 56;
	objects = {

/* Begin PBXBuildFile section */
		FA4821D7294F2DE100CFBF0D /* AppDelegate.swift in Sources */ = {isa = PBXBuildFile; fileRef = FA4821D6294F2DE100CFBF0D /* AppDelegate.swift */; };
		FA4821D9294F2DE100CFBF0D /* SceneDelegate.swift in Sources */ = {isa = PBXBuildFile; fileRef = FA4821D8294F2DE100CFBF0D /* SceneDelegate.swift */; };
		FA4821DB294F2DE100CFBF0D /* ViewController.swift in Sources */ = {isa = PBXBuildFile; fileRef = FA4821DA294F2DE100CFBF0D /* ViewController.swift */; };
		FA4821DE294F2DE100CFBF0D /* Main.storyboard in Resources */ = {isa = PBXBuildFile; fileRef = FA4821DC294F2DE100CFBF0D /* Main.storyboard */; };
		FA4821E0294F2DE200CFBF0D /* Assets.xcassets in Resources */ = {isa = PBXBuildFile; fileRef = FA4821DF294F2DE200CFBF0D /* Assets.xcassets */; };
		FA4821E3294F2DE200CFBF0D /* LaunchScreen.storyboard in Resources */ = {isa = PBXBuildFile; fileRef = FA4821E1294F2DE200CFBF0D /* LaunchScreen.storyboard */; };
		FA4821EE294F2DE200CFBF0D /* Hello_WorldTests.swift in Sources */ = {isa = PBXBuildFile; fileRef = FA4821ED294F2DE200CFBF0D /* Hello_WorldTests.swift */; };
		FA4821F8294F2DE200CFBF0D /* Hello_WorldUITests.swift in Sources */ = {isa = PBXBuildFile; fileRef = FA4821F7294F2DE200CFBF0D /* Hello_WorldUITests.swift */; };
		FA4821FA294F2DE200CFBF0D /* Hello_WorldUITestsLaunchTests.swift in Sources */ = {isa = PBXBuildFile; fileRef = FA4821F9294F2DE200CFBF0D /* Hello_WorldUITestsLaunchTests.swift */; };
/* End PBXBuildFile section */

/* Begin PBXContainerItemProxy section */
		FA4821EA294F2DE200CFBF0D /* PBXContainerItemProxy */ = {
			isa = PBXContainerItemProxy;
			containerPortal = FA4821CB294F2DE100CFBF0D /* Project object */;
			proxyType = 1;
			remoteGlobalIDString = FA4821D2294F2DE100CFBF0D;
			remoteInfo = "Hello World";
		};
		FA4821F4294F2DE200CFBF0D /* PBXContainerItemProxy */ = {
			isa = PBXContainerItemProxy;
			containerPortal = FA4821CB294F2DE100CFBF0D /* Project object */;
			proxyType = 1;
			remoteGlobalIDString = FA4821D2294F2DE100CFBF0D;
			remoteInfo = "Hello World";
		};
/* End PBXContainerItemProxy section */

/* Begin PBXFileReference section */
		FA4821D3294F2DE100CFBF0D /* Hello World.app */ = {isa = PBXFileReference; explicitFileType = wrapper.application; includeInIndex = 0; path = "Hello World.app"; sourceTree = BUILT_PRODUCTS_DIR; };
		FA4821D6294F2DE100CFBF0D /* AppDelegate.swift */ = {isa = PBXFileReference; lastKnownFileType = sourcecode.swift; path = AppDelegate.swift; sourceTree = "<group>"; };
		FA4821D8294F2DE100CFBF0D /* SceneDelegate.swift */ = {isa = PBXFileReference; lastKnownFileType = sourcecode.swift; path = SceneDelegate.swift; sourceTree = "<group>"; };
		FA4821DA294F2DE100CFBF0D /* ViewController.swift */ = {isa = PBXFileReference; lastKnownFileType = sourcecode.swift; path = ViewController.swift; sourceTree = "<group>"; };
		FA4821DD294F2DE100CFBF0D /* Base */ = {isa = PBXFileReference; lastKnownFileType = file.storyboard; name = Base; path = Base.lproj/Main.storyboard; sourceTree = "<group>"; };
		FA4821DF294F2DE200CFBF0D /* Assets.xcassets */ = {isa = PBXFileReference; lastKnownFileType = folder.assetcatalog; path = Assets.xcassets; sourceTree = "<group>"; };
		FA4821E2294F2DE200CFBF0D /* Base */ = {isa = PBXFileReference; lastKnownFileType = file.storyboard; name = Base; path = Base.lproj/LaunchScreen.storyboard; sourceTree = "<group>"; };
		FA4821E4294F2DE200CFBF0D /* Info.plist */ = {isa = PBXFileReference; lastKnownFileType = text.plist.xml; path = Info.plist; sourceTree = "<group>"; };
		FA4821E9294F2DE200CFBF0D /* Hello WorldTests.xctest */ = {isa = PBXFileReference; explicitFileType = wrapper.cfbundle; includeInIndex = 0; path = "Hello WorldTests.xctest"; sourceTree = BUILT_PRODUCTS_DIR; };
		FA4821ED294F2DE200CFBF0D /* Hello_WorldTests.swift */ = {isa = PBXFileReference; lastKnownFileType = sourcecode.swift; path = Hello_WorldTests.swift; sourceTree = "<group>"; };
		FA4821F3294F2DE200CFBF0D /* Hello WorldUITests.xctest */ = {isa = PBXFileReference; explicitFileType = wrapper.cfbundle; includeInIndex = 0; path = "Hello WorldUITests.xctest"; sourceTree = BUILT_PRODUCTS_DIR; };
		FA4821F7294F2DE200CFBF0D /* Hello_WorldUITests.swift */ = {isa = PBXFileReference; lastKnownFileType = sourcecode.swift; path = Hello_WorldUITests.swift; sourceTree = "<group>"; };
		FA4821F9294F2DE200CFBF0D /* Hello_WorldUITestsLaunchTests.swift */ = {isa = PBXFileReference; lastKnownFileType = sourcecode.swift; path = Hello_WorldUITestsLaunchTests.swift; sourceTree = "<group>"; };
/* End PBXFileReference section */

/* Begin PBXFrameworksBuildPhase section */
		FA4821D0294F2DE100CFBF0D /* Frameworks */ = {
			isa = PBXFrameworksBuildPhase;
			buildActionMask = 2147483647;
			files = (
			);
			runOnlyForDeploymentPostprocessing = 0;
		};
		FA4821E6294F2DE200CFBF0D /* Frameworks */ = {
			isa = PBXFrameworksBuildPhase;
			buildActionMask = 2147483647;
			files = (
			);
			runOnlyForDeploymentPostprocessing = 0;
		};
		FA4821F0294F2DE200CFBF0D /* Frameworks */ = {
			isa = PBXFrameworksBuildPhase;
			buildActionMask = 2147483647;
			files = (
			);
			runOnlyForDeploymentPostprocessing = 0;
		};
/* End PBXFrameworksBuildPhase section */

/* Begin PBXGroup section */
		FA4821CA294F2DE100CFBF0D = {
			isa = PBXGroup;
			children = (
				FA4821D5294F2DE100CFBF0D /* Hello World */,
				FA4821EC294F2DE200CFBF0D /* Hello WorldTests */,
				FA4821F6294F2DE200CFBF0D /* Hello WorldUITests */,
				FA4821D4294F2DE100CFBF0D /* Products */,
			);
			sourceTree = "<group>";
		};
		FA4821D4294F2DE100CFBF0D /* Products */ = {
			isa = PBXGroup;
			children = (
				FA4821D3294F2DE100CFBF0D /* Hello World.app */,
				FA4821E9294F2DE200CFBF0D /* Hello WorldTests.xctest */,
				FA4821F3294F2DE200CFBF0D /* Hello WorldUITests.xctest */,
			);
			name = Products;
			sourceTree = "<group>";
		};
		FA4821D5294F2DE100CFBF0D /* Hello World */ = {
			isa = PBXGroup;
			children = (
				FA4821D6294F2DE100CFBF0D /* AppDelegate.swift */,
				FA4821D8294F2DE100CFBF0D /* SceneDelegate.swift */,
				FA4821DA294F2DE100CFBF0D /* ViewController.swift */,
				FA4821DC294F2DE100CFBF0D /* Main.storyboard */,
				FA4821DF294F2DE200CFBF0D /* Assets.xcassets */,
				FA4821E1294F2DE200CFBF0D /* LaunchScreen.storyboard */,
				FA4821E4294F2DE200CFBF0D /* Info.plist */,
			);
			path = "Hello World";
			sourceTree = "<group>";
		};
		FA4821EC294F2DE200CFBF0D /* Hello WorldTests */ = {
			isa = PBXGroup;
			children = (
				FA4821ED294F2DE200CFBF0D /* Hello_WorldTests.swift */,
			);
			path = "Hello WorldTests";
			sourceTree = "<group>";
		};
		FA4821F6294F2DE200CFBF0D /* Hello WorldUITests */ = {
			isa = PBXGroup;
			children = (
				FA4821F7294F2DE200CFBF0D /* Hello_WorldUITests.swift */,
				FA4821F9294F2DE200CFBF0D /* Hello_WorldUITestsLaunchTests.swift */,
			);
			path = "Hello WorldUITests";
			sourceTree = "<group>";
		};
/* End PBXGroup section */

/* Begin PBXNativeTarget section */
		FA4821D2294F2DE100CFBF0D /* Hello World */ = {
			isa = PBXNativeTarget;
			buildConfigurationList = FA4821FD294F2DE200CFBF0D /* Build configuration list for PBXNativeTarget "Hello World" */;
			buildPhases = (
				FA4821CF294F2DE100CFBF0D /* Sources */,
				FA4821D0294F2DE100CFBF0D /* Frameworks */,
				FA4821D1294F2DE100CFBF0D /* Resources */,
			);
			buildRules = (
			);
			dependencies = (
			);
			name = "Hello World";
			productName = "Hello World";
			productReference = FA4821D3294F2DE100CFBF0D /* Hello World.app */;
			productType = "com.apple.product-type.application";
		};
		FA4821E8294F2DE200CFBF0D /* Hello WorldTests */ = {
			isa = PBXNativeTarget;
			buildConfigurationList = FA482200294F2DE200CFBF0D /* Build configuration list for PBXNativeTarget "Hello WorldTests" */;
			buildPhases = (
				FA4821E5294F2DE200CFBF0D /* Sources */,
				FA4821E6294F2DE200CFBF0D /* Frameworks */,
				FA4821E7294F2DE200CFBF0D /* Resources */,
			);
			buildRules = (
			);
			dependencies = (
				FA4821EB294F2DE200CFBF0D /* PBXTargetDependency */,
			);
			name = "Hello WorldTests";
			productName = "Hello WorldTests";
			productReference = FA4821E9294F2DE200CFBF0D /* Hello WorldTests.xctest */;
			productType = "com.apple.product-type.bundle.unit-test";
		};
		FA4821F2294F2DE200CFBF0D /* Hello WorldUITests */ = {
			isa = PBXNativeTarget;
			buildConfigurationList = FA482203294F2DE200CFBF0D /* Build configuration list for PBXNativeTarget "Hello WorldUITests" */;
			buildPhases = (
				FA4821EF294F2DE200CFBF0D /* Sources */,
				FA4821F0294F2DE200CFBF0D /* Frameworks */,
				FA4821F1294F2DE200CFBF0D /* Resources */,
			);
			buildRules = (
			);
			dependencies = (
				FA4821F5294F2DE200CFBF0D /* PBXTargetDependency */,
			);
			name = "Hello WorldUITests";
			productName = "Hello WorldUITests";
			productReference = FA4821F3294F2DE200CFBF0D /* Hello WorldUITests.xctest */;
			productType = "com.apple.product-type.bundle.ui-testing";
		};
/* End PBXNativeTarget section */

/* Begin PBXProject section */
		FA4821CB294F2DE100CFBF0D /* Project object */ = {
			isa = PBXProject;
			attributes = {
				BuildIndependentTargetsInParallel = 1;
				LastSwiftUpdateCheck = 1420;
				LastUpgradeCheck = 1420;
				TargetAttributes = {
					FA4821D2294F2DE100CFBF0D = {
						CreatedOnToolsVersion = 14.2;
					};
					FA4821E8294F2DE200CFBF0D = {
						CreatedOnToolsVersion = 14.2;
						TestTargetID = FA4821D2294F2DE100CFBF0D;
					};
					FA4821F2294F2DE200CFBF0D = {
						CreatedOnToolsVersion = 14.2;
						TestTargetID = FA4821D2294F2DE100CFBF0D;
					};
				};
			};
			buildConfigurationList = FA4821CE294F2DE100CFBF0D /* Build configuration list for PBXProject "Hello World" */;
			compatibilityVersion = "Xcode 14.0";
			developmentRegion = en;
			hasScannedForEncodings = 0;
			knownRegions = (
				en,
				Base,
			);
			mainGroup = FA4821CA294F2DE100CFBF0D;
			productRefGroup = FA4821D4294F2DE100CFBF0D /* Products */;
			projectDirPath = "";
			projectRoot = "";
			targets = (
				FA4821D2294F2DE100CFBF0D /* Hello World */,
				FA4821E8294F2DE200CFBF0D /* Hello WorldTests */,
				FA4821F2294F2DE200CFBF0D /* Hello WorldUITests */,
			);
		};
/* End PBXProject section */

/* Begin PBXResourcesBuildPhase section */
		FA4821D1294F2DE100CFBF0D /* Resources */ = {
			isa = PBXResourcesBuildPhase;
			buildActionMask = 2147483647;
			files = (
				FA4821E3294F2DE200CFBF0D /* LaunchScreen.storyboard in Resources */,
				FA4821E0294F2DE200CFBF0D /* Assets.xcassets in Resources */,
				FA4821DE294F2DE100CFBF0D /* Main.storyboard in Resources */,
			);
			runOnlyForDeploymentPostprocessing = 0;
		};
		FA4821E7294F2DE200CFBF0D /* Resources */ = {
			isa = PBXResourcesBuildPhase;
			buildActionMask = 2147483647;
			files = (
			);
			runOnlyForDeploymentPostprocessing = 0;
		};
		FA4821F1294F2DE200CFBF0D /* Resources */ = {
			isa = PBXResourcesBuildPhase;
			buildActionMask = 2147483647;
			files = (
			);
			runOnlyForDeploymentPostprocessing = 0;
		};
/* End PBXResourcesBuildPhase section */

/* Begin PBXSourcesBuildPhase section */
		FA4821CF294F2DE100CFBF0D /* Sources */ = {
			isa = PBXSourcesBuildPhase;
			buildActionMask = 2147483647;
			files = (
				FA4821DB294F2DE100CFBF0D /* ViewController.swift in Sources */,
				FA4821D7294F2DE100CFBF0D /* AppDelegate.swift in Sources */,
				FA4821D9294F2DE100CFBF0D /* SceneDelegate.swift in Sources */,
			);
			runOnlyForDeploymentPostprocessing = 0;
		};
		FA4821E5294F2DE200CFBF0D /* Sources */ = {
			isa = PBXSourcesBuildPhase;
			buildActionMask = 2147483647;
			files = (
				FA4821EE294F2DE200CFBF0D /* Hello_WorldTests.swift in Sources */,
			);
			runOnlyForDeploymentPostprocessing = 0;
		};
		FA4821EF294F2DE200CFBF0D /* Sources */ = {
			isa = PBXSourcesBuildPhase;
			buildActionMask = 2147483647;
			files = (
				FA4821FA294F2DE200CFBF0D /* Hello_WorldUITestsLaunchTests.swift in Sources */,
				FA4821F8294F2DE200CFBF0D /* Hello_WorldUITests.swift in Sources */,
			);
			runOnlyForDeploymentPostprocessing = 0;
		};
/* End PBXSourcesBuildPhase section */

/* Begin PBXTargetDependency section */
		FA4821EB294F2DE200CFBF0D /* PBXTargetDependency */ = {
			isa = PBXTargetDependency;
			target = FA4821D2294F2DE100CFBF0D /* Hello World */;
			targetProxy = FA4821EA294F2DE200CFBF0D /* PBXContainerItemProxy */;
		};
		FA4821F5294F2DE200CFBF0D /* PBXTargetDependency */ = {
			isa = PBXTargetDependency;
			target = FA4821D2294F2DE100CFBF0D /* Hello World */;
			targetProxy = FA4821F4294F2DE200CFBF0D /* PBXContainerItemProxy */;
		};
/* End PBXTargetDependency section */

/* Begin PBXVariantGroup section */
		FA4821DC294F2DE100CFBF0D /* Main.storyboard */ = {
			isa = PBXVariantGroup;
			children = (
				FA4821DD294F2DE100CFBF0D /* Base */,
			);
			name = Main.storyboard;
			sourceTree = "<group>";
		};
		FA4821E1294F2DE200CFBF0D /* LaunchScreen.storyboard */ = {
			isa = PBXVariantGroup;
			children = (
				FA4821E2294F2DE200CFBF0D /* Base */,
			);
			name = LaunchScreen.storyboard;
			sourceTree = "<group>";
		};
/* End PBXVariantGroup section */

/* Begin XCBuildConfiguration section */
		FA4821FB294F2DE200CFBF0D /* Debug */ = {
			isa = XCBuildConfiguration;
			buildSettings = {
				ALWAYS_SEARCH_USER_PATHS = NO;
				CLANG_ANALYZER_NONNULL = YES;
				CLANG_ANALYZER_NUMBER_OBJECT_CONVERSION = YES_AGGRESSIVE;
				CLANG_CXX_LANGUAGE_STANDARD = "gnu++20";
				CLANG_ENABLE_MODULES = YES;
				CLANG_ENABLE_OBJC_ARC = YES;
				CLANG_ENABLE_OBJC_WEAK = YES;
				CLANG_WARN_BLOCK_CAPTURE_AUTORELEASING = YES;
				CLANG_WARN_BOOL_CONVERSION = YES;
				CLANG_WARN_COMMA = YES;
				CLANG_WARN_CONSTANT_CONVERSION = YES;
				CLANG_WARN_DEPRECATED_OBJC_IMPLEMENTATIONS = YES;
				CLANG_WARN_DIRECT_OBJC_ISA_USAGE = YES_ERROR;
				CLANG_WARN_DOCUMENTATION_COMMENTS = YES;
				CLANG_WARN_EMPTY_BODY = YES;
				CLANG_WARN_ENUM_CONVERSION = YES;
				CLANG_WARN_INFINITE_RECURSION = YES;
				CLANG_WARN_INT_CONVERSION = YES;
				CLANG_WARN_NON_LITERAL_NULL_CONVERSION = YES;
				CLANG_WARN_OBJC_IMPLICIT_RETAIN_SELF = YES;
				CLANG_WARN_OBJC_LITERAL_CONVERSION = YES;
				CLANG_WARN_OBJC_ROOT_CLASS = YES_ERROR;
				CLANG_WARN_QUOTED_INCLUDE_IN_FRAMEWORK_HEADER = YES;
				CLANG_WARN_RANGE_LOOP_ANALYSIS = YES;
				CLANG_WARN_STRICT_PROTOTYPES = YES;
				CLANG_WARN_SUSPICIOUS_MOVE = YES;
				CLANG_WARN_UNGUARDED_AVAILABILITY = YES_AGGRESSIVE;
				CLANG_WARN_UNREACHABLE_CODE = YES;
				CLANG_WARN__DUPLICATE_METHOD_MATCH = YES;
				COPY_PHASE_STRIP = NO;
				DEBUG_INFORMATION_FORMAT = dwarf;
				ENABLE_STRICT_OBJC_MSGSEND = YES;
				ENABLE_TESTABILITY = YES;
				GCC_C_LANGUAGE_STANDARD = gnu11;
				GCC_DYNAMIC_NO_PIC = NO;
				GCC_NO_COMMON_BLOCKS = YES;
				GCC_OPTIMIZATION_LEVEL = 0;
				GCC_PREPROCESSOR_DEFINITIONS = (
					"DEBUG=1",
					"$(inherited)",
				);
				GCC_WARN_64_TO_32_BIT_CONVERSION = YES;
				GCC_WARN_ABOUT_RETURN_TYPE = YES_ERROR;
				GCC_WARN_UNDECLARED_SELECTOR = YES;
				GCC_WARN_UNINITIALIZED_AUTOS = YES_AGGRESSIVE;
				GCC_WARN_UNUSED_FUNCTION = YES;
				GCC_WARN_UNUSED_VARIABLE = YES;
				IPHONEOS_DEPLOYMENT_TARGET = 16.2;
				MTL_ENABLE_DEBUG_INFO = INCLUDE_SOURCE;
				MTL_FAST_MATH = YES;
				ONLY_ACTIVE_ARCH = YES;
				SDKROOT = iphoneos;
				SWIFT_ACTIVE_COMPILATION_CONDITIONS = DEBUG;
				SWIFT_OPTIMIZATION_LEVEL = "-Onone";
			};
			name = Debug;
		};
		FA4821FC294F2DE200CFBF0D /* Release */ = {
			isa = XCBuildConfiguration;
			buildSettings = {
				ALWAYS_SEARCH_USER_PATHS = NO;
				CLANG_ANALYZER_NONNULL = YES;
				CLANG_ANALYZER_NUMBER_OBJECT_CONVERSION = YES_AGGRESSIVE;
				CLANG_CXX_LANGUAGE_STANDARD = "gnu++20";
				CLANG_ENABLE_MODULES = YES;
				CLANG_ENABLE_OBJC_ARC = YES;
				CLANG_ENABLE_OBJC_WEAK = YES;
				CLANG_WARN_BLOCK_CAPTURE_AUTORELEASING = YES;
				CLANG_WARN_BOOL_CONVERSION = YES;
				CLANG_WARN_COMMA = YES;
				CLANG_WARN_CONSTANT_CONVERSION = YES;
				CLANG_WARN_DEPRECATED_OBJC_IMPLEMENTATIONS = YES;
				CLANG_WARN_DIRECT_OBJC_ISA_USAGE = YES_ERROR;
				CLANG_WARN_DOCUMENTATION_COMMENTS = YES;
				CLANG_WARN_EMPTY_BODY = YES;
				CLANG_WARN_ENUM_CONVERSION = YES;
				CLANG_WARN_INFINITE_RECURSION = YES;
				CLANG_WARN_INT_CONVERSION = YES;
				CLANG_WARN_NON_LITERAL_NULL_CONVERSION = YES;
				CLANG_WARN_OBJC_IMPLICIT_RETAIN_SELF = YES;
				CLANG_WARN_OBJC_LITERAL_CONVERSION = YES;
				CLANG_WARN_OBJC_ROOT_CLASS = YES_ERROR;
				CLANG_WARN_QUOTED_INCLUDE_IN_FRAMEWORK_HEADER = YES;
				CLANG_WARN_RANGE_LOOP_ANALYSIS = YES;
				CLANG_WARN_STRICT_PROTOTYPES = YES;
				CLANG_WARN_SUSPICIOUS_MOVE = YES;
				CLANG_WARN_UNGUARDED_AVAILABILITY = YES_AGGRESSIVE;
				CLANG_WARN_UNREACHABLE_CODE = YES;
				CLANG_WARN__DUPLICATE_METHOD_MATCH = YES;
				COPY_PHASE_STRIP = NO;
				DEBUG_INFORMATION_FORMAT = "dwarf-with-dsym";
				ENABLE_NS_ASSERTIONS = NO;
				ENABLE_STRICT_OBJC_MSGSEND = YES;
				GCC_C_LANGUAGE_STANDARD = gnu11;
				GCC_NO_COMMON_BLOCKS = YES;
				GCC_WARN_64_TO_32_BIT_CONVERSION = YES;
				GCC_WARN_ABOUT_RETURN_TYPE = YES_ERROR;
				GCC_WARN_UNDECLARED_SELECTOR = YES;
				GCC_WARN_UNINITIALIZED_AUTOS = YES_AGGRESSIVE;
				GCC_WARN_UNUSED_FUNCTION = YES;
				GCC_WARN_UNUSED_VARIABLE = YES;
				IPHONEOS_DEPLOYMENT_TARGET = 16.2;
				MTL_ENABLE_DEBUG_INFO = NO;
				MTL_FAST_MATH = YES;
				SDKROOT = iphoneos;
				SWIFT_COMPILATION_MODE = wholemodule;
				SWIFT_OPTIMIZATION_LEVEL = "-O";
				VALIDATE_PRODUCT = YES;
			};
			name = Release;
		};
		FA4821FE294F2DE200CFBF0D /* Debug */ = {
			isa = XCBuildConfiguration;
			buildSettings = {
				ASSETCATALOG_COMPILER_APPICON_NAME = AppIcon;
				ASSETCATALOG_COMPILER_GLOBAL_ACCENT_COLOR_NAME = AccentColor;
				CODE_SIGN_STYLE = Automatic;
				CURRENT_PROJECT_VERSION = 1;
				GENERATE_INFOPLIST_FILE = YES;
				INFOPLIST_FILE = "Hello World/Info.plist";
				INFOPLIST_KEY_UIApplicationSupportsIndirectInputEvents = YES;
				INFOPLIST_KEY_UILaunchStoryboardName = LaunchScreen;
				INFOPLIST_KEY_UIMainStoryboardFile = Main;
				INFOPLIST_KEY_UISupportedInterfaceOrientations_iPad = "UIInterfaceOrientationPortrait UIInterfaceOrientationPortraitUpsideDown UIInterfaceOrientationLandscapeLeft UIInterfaceOrientationLandscapeRight";
				INFOPLIST_KEY_UISupportedInterfaceOrientations_iPhone = "UIInterfaceOrientationPortrait UIInterfaceOrientationLandscapeLeft UIInterfaceOrientationLandscapeRight";
				LD_RUNPATH_SEARCH_PATHS = (
					"$(inherited)",
					"@executable_path/Frameworks",
				);
				MARKETING_VERSION = 1.0;
				PRODUCT_BUNDLE_IDENTIFIER = "ll.Hello-World";
				PRODUCT_NAME = "$(TARGET_NAME)";
				SWIFT_EMIT_LOC_STRINGS = YES;
				SWIFT_VERSION = 5.0;
				TARGETED_DEVICE_FAMILY = "1,2";
			};
			name = Debug;
		};
		FA4821FF294F2DE200CFBF0D /* Release */ = {
			isa = XCBuildConfiguration;
			buildSettings = {
				ASSETCATALOG_COMPILER_APPICON_NAME = AppIcon;
				ASSETCATALOG_COMPILER_GLOBAL_ACCENT_COLOR_NAME = AccentColor;
				CODE_SIGN_STYLE = Automatic;
				CURRENT_PROJECT_VERSION = 1;
				GENERATE_INFOPLIST_FILE = YES;
				INFOPLIST_FILE = "Hello World/Info.plist";
				INFOPLIST_KEY_UIApplicationSupportsIndirectInputEvents = YES;
				INFOPLIST_KEY_UILaunchStoryboardName = LaunchScreen;
				INFOPLIST_KEY_UIMainStoryboardFile = Main;
				INFOPLIST_KEY_UISupportedInterfaceOrientations_iPad = "UIInterfaceOrientationPortrait UIInterfaceOrientationPortraitUpsideDown UIInterfaceOrientationLandscapeLeft UIInterfaceOrientationLandscapeRight";
				INFOPLIST_KEY_UISupportedInterfaceOrientations_iPhone = "UIInterfaceOrientationPortrait UIInterfaceOrientationLandscapeLeft UIInterfaceOrientationLandscapeRight";
				LD_RUNPATH_SEARCH_PATHS = (
					"$(inherited)",
					"@executable_path/Frameworks",
				);
				MARKETING_VERSION = 1.0;
				PRODUCT_BUNDLE_IDENTIFIER = "ll.Hello-World";
				PRODUCT_NAME = "$(TARGET_NAME)";
				SWIFT_EMIT_LOC_STRINGS = YES;
				SWIFT_VERSION = 5.0;
				TARGETED_DEVICE_FAMILY = "1,2";
			};
			name = Release;
		};
		FA482201294F2DE200CFBF0D /* Debug */ = {
			isa = XCBuildConfiguration;
			buildSettings = {
				ALWAYS_EMBED_SWIFT_STANDARD_LIBRARIES = YES;
				BUNDLE_LOADER = "$(TEST_HOST)";
				CODE_SIGN_STYLE = Automatic;
				CURRENT_PROJECT_VERSION = 1;
				GENERATE_INFOPLIST_FILE = YES;
				IPHONEOS_DEPLOYMENT_TARGET = 16.2;
				MARKETING_VERSION = 1.0;
				PRODUCT_BUNDLE_IDENTIFIER = "ll.Hello-WorldTests";
				PRODUCT_NAME = "$(TARGET_NAME)";
				SWIFT_EMIT_LOC_STRINGS = NO;
				SWIFT_VERSION = 5.0;
				TARGETED_DEVICE_FAMILY = "1,2";
				TEST_HOST = "$(BUILT_PRODUCTS_DIR)/Hello World.app/$(BUNDLE_EXECUTABLE_FOLDER_PATH)/Hello World";
			};
			name = Debug;
		};
		FA482202294F2DE200CFBF0D /* Release */ = {
			isa = XCBuildConfiguration;
			buildSettings = {
				ALWAYS_EMBED_SWIFT_STANDARD_LIBRARIES = YES;
				BUNDLE_LOADER = "$(TEST_HOST)";
				CODE_SIGN_STYLE = Automatic;
				CURRENT_PROJECT_VERSION = 1;
				GENERATE_INFOPLIST_FILE = YES;
				IPHONEOS_DEPLOYMENT_TARGET = 16.2;
				MARKETING_VERSION = 1.0;
				PRODUCT_BUNDLE_IDENTIFIER = "ll.Hello-WorldTests";
				PRODUCT_NAME = "$(TARGET_NAME)";
				SWIFT_EMIT_LOC_STRINGS = NO;
				SWIFT_VERSION = 5.0;
				TARGETED_DEVICE_FAMILY = "1,2";
				TEST_HOST = "$(BUILT_PRODUCTS_DIR)/Hello World.app/$(BUNDLE_EXECUTABLE_FOLDER_PATH)/Hello World";
			};
			name = Release;
		};
		FA482204294F2DE200CFBF0D /* Debug */ = {
			isa = XCBuildConfiguration;
			buildSettings = {
				ALWAYS_EMBED_SWIFT_STANDARD_LIBRARIES = YES;
				CODE_SIGN_STYLE = Automatic;
				CURRENT_PROJECT_VERSION = 1;
				GENERATE_INFOPLIST_FILE = YES;
				MARKETING_VERSION = 1.0;
				PRODUCT_BUNDLE_IDENTIFIER = "ll.Hello-WorldUITests";
				PRODUCT_NAME = "$(TARGET_NAME)";
				SWIFT_EMIT_LOC_STRINGS = NO;
				SWIFT_VERSION = 5.0;
				TARGETED_DEVICE_FAMILY = "1,2";
				TEST_TARGET_NAME = "Hello World";
			};
			name = Debug;
		};
		FA482205294F2DE200CFBF0D /* Release */ = {
			isa = XCBuildConfiguration;
			buildSettings = {
				ALWAYS_EMBED_SWIFT_STANDARD_LIBRARIES = YES;
				CODE_SIGN_STYLE = Automatic;
				CURRENT_PROJECT_VERSION = 1;
				GENERATE_INFOPLIST_FILE = YES;
				MARKETING_VERSION = 1.0;
				PRODUCT_BUNDLE_IDENTIFIER = "ll.Hello-WorldUITests";
				PRODUCT_NAME = "$(TARGET_NAME)";
				SWIFT_EMIT_LOC_STRINGS = NO;
				SWIFT_VERSION = 5.0;
				TARGETED_DEVICE_FAMILY = "1,2";
				TEST_TARGET_NAME = "Hello World";
			};
			name = Release;
		};
/* End XCBuildConfiguration section */

/* Begin XCConfigurationList section */
		FA4821CE294F2DE100CFBF0D /* Build configuration list for PBXProject "Hello World" */ = {
			isa = XCConfigurationList;
			buildConfigurations = (
				FA4821FB294F2DE200CFBF0D /* Debug */,
				FA4821FC294F2DE200CFBF0D /* Release */,
			);
			defaultConfigurationIsVisible = 0;
			defaultConfigurationName = Release;
		};
		FA4821FD294F2DE200CFBF0D /* Build configuration list for PBXNativeTarget "Hello World" */ = {
			isa = XCConfigurationList;
			buildConfigurations = (
				FA4821FE294F2DE200CFBF0D /* Debug */,
				FA4821FF294F2DE200CFBF0D /* Release */,
			);
			defaultConfigurationIsVisible = 0;
			defaultConfigurationName = Release;
		};
		FA482200294F2DE200CFBF0D /* Build configuration list for PBXNativeTarget "Hello WorldTests" */ = {
			isa = XCConfigurationList;
			buildConfigurations = (
				FA482201294F2DE200CFBF0D /* Debug */,
				FA482202294F2DE200CFBF0D /* Release */,
			);
			defaultConfigurationIsVisible = 0;
			defaultConfigurationName = Release;
		};
		FA482203294F2DE200CFBF0D /* Build configuration list for PBXNativeTarget "Hello WorldUITests" */ = {
			isa = XCConfigurationList;
			buildConfigurations = (
				FA482204294F2DE200CFBF0D /* Debug */,
				FA482205294F2DE200CFBF0D /* Release */,
			);
			defaultConfigurationIsVisible = 0;
			defaultConfigurationName = Release;
		};
/* End XCConfigurationList section */
	};
	rootObject = FA4821CB294F2DE100CFBF0D /* Project object */;
}
